
Microsoft Visual Studio Solution File, Format Version 12.00
# Visual Studio 15
Project("{FAE04EC0-301F-11D3-BF4B-00C04F79EFBC}") = "VuforiaScripts", "VuforiaScripts.csproj", "{1A179498-CFE1-850D-C1CA-B949C236EDBE}"
EndProject
Project("{FAE04EC0-301F-11D3-BF4B-00C04F79EFBC}") = "Assembly-CSharp", "Assembly-CSharp.csproj", "{8DF25246-7A5F-02DB-0339-DD1672C59A61}"
EndProject
Project("{FAE04EC0-301F-11D3-BF4B-00C04F79EFBC}") = "VuforiaEditorScripts", "VuforiaEditorScripts.csproj", "{A1F78BA6-C8AC-B032-A047-54D6891289E2}"
EndProject
Global
	GlobalSection(SolutionConfigurationPlatforms) = preSolution
		Debug|Any CPU = Debug|Any CPU
		Release|Any CPU = Release|Any CPU
	EndGlobalSection
	GlobalSection(ProjectConfigurationPlatforms) = postSolution
		{1A179498-CFE1-850D-C1CA-B949C236EDBE}.Debug|Any CPU.ActiveCfg = Debug|Any CPU
		{1A179498-CFE1-850D-C1CA-B949C236EDBE}.Debug|Any CPU.Build.0 = Debug|Any CPU
		{1A179498-CFE1-850D-C1CA-B949C236EDBE}.Release|Any CPU.ActiveCfg = Release|Any CPU
		{1A179498-CFE1-850D-C1CA-B949C236EDBE}.Release|Any CPU.Build.0 = Release|Any CPU
		{8DF25246-7A5F-02DB-0339-DD1672C59A61}.Debug|Any CPU.ActiveCfg = Debug|Any CPU
		{8DF25246-7A5F-02DB-0339-DD1672C59A61}.Debug|Any CPU.Build.0 = Debug|Any CPU
		{8DF25246-7A5F-02DB-0339-DD1672C59A61}.Release|Any CPU.ActiveCfg = Release|Any CPU
		{8DF25246-7A5F-02DB-0339-DD1672C59A61}.Release|Any CPU.Build.0 = Release|Any CPU
		{A1F78BA6-C8AC-B032-A047-54D6891289E2}.Debug|Any CPU.ActiveCfg = Debug|Any CPU
		{A1F78BA6-C8AC-B032-A047-54D6891289E2}.Debug|Any CPU.Build.0 = Debug|Any CPU
		{A1F78BA6-C8AC-B032-A047-54D6891289E2}.Release|Any CPU.ActiveCfg = Release|Any CPU
		{A1F78BA6-C8AC-B032-A047-54D6891289E2}.Release|Any CPU.Build.0 = Release|Any CPU
	EndGlobalSection
	GlobalSection(SolutionProperties) = preSolution
		HideSolutionNode = FALSE
	EndGlobalSection
EndGlobal
